
Microsoft Visual Studio Solution File, Format Version 12.00
# Visual Studio Version 17
VisualStudioVersion = 17.13.35919.96
MinimumVisualStudioVersion = 10.0.40219.1
Project("{FAE04EC0-301F-11D3-BF4B-00C04F79EFBC}") = "Client.WebApi", "ClientAPI\Client.WebApi.csproj", "{FBD64403-56E9-42A8-B2BF-2AE35D202ED5}"
EndProject
Project("{FAE04EC0-301F-11D3-BF4B-00C04F79EFBC}") = "Product.WebApi", "ProductAPI\Product.WebApi.csproj", "{BFDCAA22-3386-4BE4-8B94-D037AFE892E3}"
EndProject
Project("{FAE04EC0-301F-11D3-BF4B-00C04F79EFBC}") = "Order.WebApi", "OrderApi\Order.WebApi.csproj", "{DE124D39-2026-4B88-BD67-8CBDF940FCBB}"
EndProject
Project("{2150E333-8FDC-42A3-9474-1A3956D46DE8}") = "WebApi", "WebApi", "{02EA681E-C7D8-13C7-8484-4AC65E1B71E8}"
EndProject
Project("{2150E333-8FDC-42A3-9474-1A3956D46DE8}") = "Docker", "Docker", "{380A7511-A354-6D7A-0CC0-8FA1F1BA7B6C}"
	ProjectSection(SolutionItems) = preProject
		docker-compose.yml = docker-compose.yml
	EndProjectSection
EndProject
Project("{2150E333-8FDC-42A3-9474-1A3956D46DE8}") = "Workers", "Workers", "{F8EC1065-C7CB-4770-B96C-8B5FA50B040D}"
EndProject
Project("{FAE04EC0-301F-11D3-BF4B-00C04F79EFBC}") = "NotificationWorker", "NotificationWorker\NotificationWorker.csproj", "{FF04181E-B487-3F9D-CE6A-DC4DB47A6192}"
EndProject
Project("{FAE04EC0-301F-11D3-BF4B-00C04F79EFBC}") = "PaymentWorker", "PaymentWorker\PaymentWorker.csproj", "{532FE0AD-08A7-D9F7-4DB3-06430915582E}"
EndProject
Global
	GlobalSection(SolutionConfigurationPlatforms) = preSolution
		Debug|Any CPU = Debug|Any CPU
		Release|Any CPU = Release|Any CPU
	EndGlobalSection
	GlobalSection(ProjectConfigurationPlatforms) = postSolution
		{FBD64403-56E9-42A8-B2BF-2AE35D202ED5}.Debug|Any CPU.ActiveCfg = Debug|Any CPU
		{FBD64403-56E9-42A8-B2BF-2AE35D202ED5}.Debug|Any CPU.Build.0 = Debug|Any CPU
		{FBD64403-56E9-42A8-B2BF-2AE35D202ED5}.Release|Any CPU.ActiveCfg = Release|Any CPU
		{FBD64403-56E9-42A8-B2BF-2AE35D202ED5}.Release|Any CPU.Build.0 = Release|Any CPU
		{BFDCAA22-3386-4BE4-8B94-D037AFE892E3}.Debug|Any CPU.ActiveCfg = Debug|Any CPU
		{BFDCAA22-3386-4BE4-8B94-D037AFE892E3}.Debug|Any CPU.Build.0 = Debug|Any CPU
		{BFDCAA22-3386-4BE4-8B94-D037AFE892E3}.Release|Any CPU.ActiveCfg = Release|Any CPU
		{BFDCAA22-3386-4BE4-8B94-D037AFE892E3}.Release|Any CPU.Build.0 = Release|Any CPU
		{DE124D39-2026-4B88-BD67-8CBDF940FCBB}.Debug|Any CPU.ActiveCfg = Debug|Any CPU
		{DE124D39-2026-4B88-BD67-8CBDF940FCBB}.Debug|Any CPU.Build.0 = Debug|Any CPU
		{DE124D39-2026-4B88-BD67-8CBDF940FCBB}.Release|Any CPU.ActiveCfg = Release|Any CPU
		{DE124D39-2026-4B88-BD67-8CBDF940FCBB}.Release|Any CPU.Build.0 = Release|Any CPU
		{FF04181E-B487-3F9D-CE6A-DC4DB47A6192}.Debug|Any CPU.ActiveCfg = Debug|Any CPU
		{FF04181E-B487-3F9D-CE6A-DC4DB47A6192}.Debug|Any CPU.Build.0 = Debug|Any CPU
		{FF04181E-B487-3F9D-CE6A-DC4DB47A6192}.Release|Any CPU.ActiveCfg = Release|Any CPU
		{FF04181E-B487-3F9D-CE6A-DC4DB47A6192}.Release|Any CPU.Build.0 = Release|Any CPU
		{532FE0AD-08A7-D9F7-4DB3-06430915582E}.Debug|Any CPU.ActiveCfg = Debug|Any CPU
		{532FE0AD-08A7-D9F7-4DB3-06430915582E}.Debug|Any CPU.Build.0 = Debug|Any CPU
		{532FE0AD-08A7-D9F7-4DB3-06430915582E}.Release|Any CPU.ActiveCfg = Release|Any CPU
		{532FE0AD-08A7-D9F7-4DB3-06430915582E}.Release|Any CPU.Build.0 = Release|Any CPU
	EndGlobalSection
	GlobalSection(SolutionProperties) = preSolution
		HideSolutionNode = FALSE
	EndGlobalSection
	GlobalSection(NestedProjects) = preSolution
		{FBD64403-56E9-42A8-B2BF-2AE35D202ED5} = {02EA681E-C7D8-13C7-8484-4AC65E1B71E8}
		{BFDCAA22-3386-4BE4-8B94-D037AFE892E3} = {02EA681E-C7D8-13C7-8484-4AC65E1B71E8}
		{DE124D39-2026-4B88-BD67-8CBDF940FCBB} = {02EA681E-C7D8-13C7-8484-4AC65E1B71E8}
		{FF04181E-B487-3F9D-CE6A-DC4DB47A6192} = {F8EC1065-C7CB-4770-B96C-8B5FA50B040D}
		{532FE0AD-08A7-D9F7-4DB3-06430915582E} = {F8EC1065-C7CB-4770-B96C-8B5FA50B040D}
	EndGlobalSection
	GlobalSection(ExtensibilityGlobals) = postSolution
		SolutionGuid = {1A9055C4-A05A-46A4-BF53-EFDFE379A4B6}
	EndGlobalSection
EndGlobal
